
Microsoft Visual Studio Solution File, Format Version 12.00
# Visual Studio Version 17
VisualStudioVersion = 17.0.31903.59
MinimumVisualStudioVersion = 10.0.40219.1
Project("{9A19103F-16F7-4668-BE54-9A1E7A4F7556}") = "ArrayConsoleApp", "ArrayConsoleApp\ArrayConsoleApp.csproj", "{10A7E5DE-951E-4172-AA9E-4E2A5485D66C}"
EndProject
Project("{9A19103F-16F7-4668-BE54-9A1E7A4F7556}") = "ArrayTests", "ArrayTests\ArrayTests.csproj", "{870DEDD6-CFEB-4BD9-9CB5-A8F91284271F}"
EndProject
Project("{9A19103F-16F7-4668-BE54-9A1E7A4F7556}") = "Array", "Array\Array.csproj", "{228E6AA4-3904-4989-AF66-203099A0266C}"
EndProject
Project("{9A19103F-16F7-4668-BE54-9A1E7A4F7556}") = "CollectionConsoleApp", "CollectionConsoleApp\CollectionConsoleApp.csproj", "{41F349FC-F82E-4BDB-8256-E394C8090537}"
EndProject
Project("{9A19103F-16F7-4668-BE54-9A1E7A4F7556}") = "CollectionTests", "CollectionTests\CollectionTests.csproj", "{81534C66-836C-476E-92EA-01A9ABE877AA}"
EndProject
Project("{9A19103F-16F7-4668-BE54-9A1E7A4F7556}") = "List", "List\List.csproj", "{9FC12810-DAF9-4D69-84BE-EB5C562AFD23}"
EndProject
Project("{9A19103F-16F7-4668-BE54-9A1E7A4F7556}") = "ListTests", "ListTests\ListTests.csproj", "{E93CC735-90C2-4104-8FB8-74B6F46E93B4}"
EndProject
Project("{2150E333-8FDC-42A3-9474-1A3956D46DE8}") = "LinkedList", "LinkedList", "{EF5F1A43-100A-4E7A-97B6-AC237DF9971F}"
EndProject
Project("{2150E333-8FDC-42A3-9474-1A3956D46DE8}") = "Arr", "Arr", "{C39B2492-CEEE-4F1B-A7C5-9D32840C91B8}"
EndProject
Project("{2150E333-8FDC-42A3-9474-1A3956D46DE8}") = "Collections", "Collections", "{A2475EB6-519B-48BB-BB1D-709470AA2CE9}"
EndProject
Project("{9A19103F-16F7-4668-BE54-9A1E7A4F7556}") = "LinkedList", "LinkedList\LinkedList.csproj", "{9FAEBA80-8D3E-45EE-BC04-B6632584F491}"
EndProject
Project("{9A19103F-16F7-4668-BE54-9A1E7A4F7556}") = "LinkedListConsoleApp", "LinkedListConsoleApp\LinkedListConsoleApp.csproj", "{A382DCC4-883A-47C7-B364-D82A640C05D3}"
EndProject
Project("{FAE04EC0-301F-11D3-BF4B-00C04F79EFBC}") = "SinglyLinkedListTests", "SinglyLinkedListTests\SinglyLinkedListTests.csproj", "{0ACD0E76-992B-4406-9BAE-4BDCF1100C80}"
EndProject
Global
	GlobalSection(SolutionConfigurationPlatforms) = preSolution
		Debug|Any CPU = Debug|Any CPU
		Release|Any CPU = Release|Any CPU
	EndGlobalSection
	GlobalSection(ProjectConfigurationPlatforms) = postSolution
		{10A7E5DE-951E-4172-AA9E-4E2A5485D66C}.Debug|Any CPU.ActiveCfg = Debug|Any CPU
		{10A7E5DE-951E-4172-AA9E-4E2A5485D66C}.Debug|Any CPU.Build.0 = Debug|Any CPU
		{10A7E5DE-951E-4172-AA9E-4E2A5485D66C}.Release|Any CPU.ActiveCfg = Release|Any CPU
		{10A7E5DE-951E-4172-AA9E-4E2A5485D66C}.Release|Any CPU.Build.0 = Release|Any CPU
		{870DEDD6-CFEB-4BD9-9CB5-A8F91284271F}.Debug|Any CPU.ActiveCfg = Debug|Any CPU
		{870DEDD6-CFEB-4BD9-9CB5-A8F91284271F}.Debug|Any CPU.Build.0 = Debug|Any CPU
		{870DEDD6-CFEB-4BD9-9CB5-A8F91284271F}.Release|Any CPU.ActiveCfg = Release|Any CPU
		{870DEDD6-CFEB-4BD9-9CB5-A8F91284271F}.Release|Any CPU.Build.0 = Release|Any CPU
		{228E6AA4-3904-4989-AF66-203099A0266C}.Debug|Any CPU.ActiveCfg = Debug|Any CPU
		{228E6AA4-3904-4989-AF66-203099A0266C}.Debug|Any CPU.Build.0 = Debug|Any CPU
		{228E6AA4-3904-4989-AF66-203099A0266C}.Release|Any CPU.ActiveCfg = Release|Any CPU
		{228E6AA4-3904-4989-AF66-203099A0266C}.Release|Any CPU.Build.0 = Release|Any CPU
		{41F349FC-F82E-4BDB-8256-E394C8090537}.Debug|Any CPU.ActiveCfg = Debug|Any CPU
		{41F349FC-F82E-4BDB-8256-E394C8090537}.Debug|Any CPU.Build.0 = Debug|Any CPU
		{41F349FC-F82E-4BDB-8256-E394C8090537}.Release|Any CPU.ActiveCfg = Release|Any CPU
		{41F349FC-F82E-4BDB-8256-E394C8090537}.Release|Any CPU.Build.0 = Release|Any CPU
		{81534C66-836C-476E-92EA-01A9ABE877AA}.Debug|Any CPU.ActiveCfg = Debug|Any CPU
		{81534C66-836C-476E-92EA-01A9ABE877AA}.Debug|Any CPU.Build.0 = Debug|Any CPU
		{81534C66-836C-476E-92EA-01A9ABE877AA}.Release|Any CPU.ActiveCfg = Release|Any CPU
		{81534C66-836C-476E-92EA-01A9ABE877AA}.Release|Any CPU.Build.0 = Release|Any CPU
		{9FC12810-DAF9-4D69-84BE-EB5C562AFD23}.Debug|Any CPU.ActiveCfg = Debug|Any CPU
		{9FC12810-DAF9-4D69-84BE-EB5C562AFD23}.Debug|Any CPU.Build.0 = Debug|Any CPU
		{9FC12810-DAF9-4D69-84BE-EB5C562AFD23}.Release|Any CPU.ActiveCfg = Release|Any CPU
		{9FC12810-DAF9-4D69-84BE-EB5C562AFD23}.Release|Any CPU.Build.0 = Release|Any CPU
		{E93CC735-90C2-4104-8FB8-74B6F46E93B4}.Debug|Any CPU.ActiveCfg = Debug|Any CPU
		{E93CC735-90C2-4104-8FB8-74B6F46E93B4}.Debug|Any CPU.Build.0 = Debug|Any CPU
		{E93CC735-90C2-4104-8FB8-74B6F46E93B4}.Release|Any CPU.ActiveCfg = Release|Any CPU
		{E93CC735-90C2-4104-8FB8-74B6F46E93B4}.Release|Any CPU.Build.0 = Release|Any CPU
		{9FAEBA80-8D3E-45EE-BC04-B6632584F491}.Debug|Any CPU.ActiveCfg = Debug|Any CPU
		{9FAEBA80-8D3E-45EE-BC04-B6632584F491}.Debug|Any CPU.Build.0 = Debug|Any CPU
		{9FAEBA80-8D3E-45EE-BC04-B6632584F491}.Release|Any CPU.ActiveCfg = Release|Any CPU
		{9FAEBA80-8D3E-45EE-BC04-B6632584F491}.Release|Any CPU.Build.0 = Release|Any CPU
		{A382DCC4-883A-47C7-B364-D82A640C05D3}.Debug|Any CPU.ActiveCfg = Debug|Any CPU
		{A382DCC4-883A-47C7-B364-D82A640C05D3}.Debug|Any CPU.Build.0 = Debug|Any CPU
		{A382DCC4-883A-47C7-B364-D82A640C05D3}.Release|Any CPU.ActiveCfg = Release|Any CPU
		{A382DCC4-883A-47C7-B364-D82A640C05D3}.Release|Any CPU.Build.0 = Release|Any CPU
		{0ACD0E76-992B-4406-9BAE-4BDCF1100C80}.Debug|Any CPU.ActiveCfg = Debug|Any CPU
		{0ACD0E76-992B-4406-9BAE-4BDCF1100C80}.Debug|Any CPU.Build.0 = Debug|Any CPU
		{0ACD0E76-992B-4406-9BAE-4BDCF1100C80}.Release|Any CPU.ActiveCfg = Release|Any CPU
		{0ACD0E76-992B-4406-9BAE-4BDCF1100C80}.Release|Any CPU.Build.0 = Release|Any CPU
	EndGlobalSection
	GlobalSection(SolutionProperties) = preSolution
		HideSolutionNode = FALSE
	EndGlobalSection
	GlobalSection(NestedProjects) = preSolution
		{10A7E5DE-951E-4172-AA9E-4E2A5485D66C} = {C39B2492-CEEE-4F1B-A7C5-9D32840C91B8}
		{870DEDD6-CFEB-4BD9-9CB5-A8F91284271F} = {C39B2492-CEEE-4F1B-A7C5-9D32840C91B8}
		{228E6AA4-3904-4989-AF66-203099A0266C} = {C39B2492-CEEE-4F1B-A7C5-9D32840C91B8}
		{41F349FC-F82E-4BDB-8256-E394C8090537} = {A2475EB6-519B-48BB-BB1D-709470AA2CE9}
		{81534C66-836C-476E-92EA-01A9ABE877AA} = {A2475EB6-519B-48BB-BB1D-709470AA2CE9}
		{9FC12810-DAF9-4D69-84BE-EB5C562AFD23} = {A2475EB6-519B-48BB-BB1D-709470AA2CE9}
		{E93CC735-90C2-4104-8FB8-74B6F46E93B4} = {A2475EB6-519B-48BB-BB1D-709470AA2CE9}
		{9FAEBA80-8D3E-45EE-BC04-B6632584F491} = {EF5F1A43-100A-4E7A-97B6-AC237DF9971F}
		{A382DCC4-883A-47C7-B364-D82A640C05D3} = {EF5F1A43-100A-4E7A-97B6-AC237DF9971F}
		{0ACD0E76-992B-4406-9BAE-4BDCF1100C80} = {EF5F1A43-100A-4E7A-97B6-AC237DF9971F}
	EndGlobalSection
	GlobalSection(ExtensibilityGlobals) = postSolution
		SolutionGuid = {882AD998-DF8E-43B8-ADA3-71613B266EC3}
	EndGlobalSection
EndGlobal
