
Microsoft Visual Studio Solution File, Format Version 12.00
# Visual Studio Version 17
VisualStudioVersion = 17.0.31903.59
MinimumVisualStudioVersion = 10.0.40219.1
Project("{9A19103F-16F7-4668-BE54-9A1E7A4F7556}") = "ArrayConsoleApp", "Apps\ArrayConsoleApp\ArrayConsoleApp.csproj", "{10A7E5DE-951E-4172-AA9E-4E2A5485D66C}"
EndProject
Project("{9A19103F-16F7-4668-BE54-9A1E7A4F7556}") = "ArrayTests", "Tests\ArrayTests\ArrayTests.csproj", "{870DEDD6-CFEB-4BD9-9CB5-A8F91284271F}"
EndProject
Project("{9A19103F-16F7-4668-BE54-9A1E7A4F7556}") = "Array", "Data_Structures\Array\Array.csproj", "{228E6AA4-3904-4989-AF66-203099A0266C}"
EndProject
Project("{9A19103F-16F7-4668-BE54-9A1E7A4F7556}") = "CollectionConsoleApp", "Apps\CollectionConsoleApp\CollectionConsoleApp.csproj", "{41F349FC-F82E-4BDB-8256-E394C8090537}"
EndProject
Project("{9A19103F-16F7-4668-BE54-9A1E7A4F7556}") = "CollectionTests", "Tests\CollectionTests\CollectionTests.csproj", "{81534C66-836C-476E-92EA-01A9ABE877AA}"
EndProject
Project("{9A19103F-16F7-4668-BE54-9A1E7A4F7556}") = "List", "Data_Structures\List\List.csproj", "{9FC12810-DAF9-4D69-84BE-EB5C562AFD23}"
EndProject
Project("{9A19103F-16F7-4668-BE54-9A1E7A4F7556}") = "ListTests", "Tests\ListTests\ListTests.csproj", "{E93CC735-90C2-4104-8FB8-74B6F46E93B4}"
EndProject
Project("{9A19103F-16F7-4668-BE54-9A1E7A4F7556}") = "LinkedList", "Data_Structures\LinkedList\LinkedList.csproj", "{9FAEBA80-8D3E-45EE-BC04-B6632584F491}"
EndProject
Project("{9A19103F-16F7-4668-BE54-9A1E7A4F7556}") = "LinkedListConsoleApp", "Apps\LinkedListConsoleApp\LinkedListConsoleApp.csproj", "{A382DCC4-883A-47C7-B364-D82A640C05D3}"
EndProject
Project("{9A19103F-16F7-4668-BE54-9A1E7A4F7556}") = "SinglyLinkedListTests", "Tests\SinglyLinkedListTests\SinglyLinkedListTests.csproj", "{0ACD0E76-992B-4406-9BAE-4BDCF1100C80}"
EndProject
Project("{9A19103F-16F7-4668-BE54-9A1E7A4F7556}") = "DbLinkedListTests", "Tests\DbLinkedListTests\DbLinkedListTests.csproj", "{451EA65A-1138-46F2-9FE6-26746F911DC0}"
EndProject
Project("{9A19103F-16F7-4668-BE54-9A1E7A4F7556}") = "Stack", "Data_Structures\Stack\Stack.csproj", "{171A1CD7-5F52-47F0-8325-FF83F6C25CC2}"
EndProject
Project("{9A19103F-16F7-4668-BE54-9A1E7A4F7556}") = "StackTests", "Tests\StackTests\StackTests.csproj", "{A142720F-BCE8-4341-ACA5-66F7F29037DE}"
EndProject
Project("{9A19103F-16F7-4668-BE54-9A1E7A4F7556}") = "Queue", "Data_Structures\Queue\Queue.csproj", "{78EAFEB8-33A7-4F1A-8B71-E530DE90C020}"
EndProject
Project("{9A19103F-16F7-4668-BE54-9A1E7A4F7556}") = "QueueTests", "Tests\QueueTests\QueueTests.csproj", "{2AA5037A-3606-4885-AC86-8120E92C778B}"
EndProject
Project("{2150E333-8FDC-42A3-9474-1A3956D46DE8}") = "Apps", "Apps", "{E39C76CD-CCB3-4836-A93E-5EA220C477E4}"
EndProject
Project("{2150E333-8FDC-42A3-9474-1A3956D46DE8}") = "Data_Structures", "Data_Structures", "{AFEBC97E-3545-4483-A1C6-AD4DC87C5CBA}"
EndProject
Project("{2150E333-8FDC-42A3-9474-1A3956D46DE8}") = "Tests", "Tests", "{A149BE98-6889-4DAC-89FA-FE4E38200028}"
EndProject
Project("{FAE04EC0-301F-11D3-BF4B-00C04F79EFBC}") = "RecursiveApp", "Apps\RecursiveApp\RecursiveApp.csproj", "{FECE8476-57A0-48D1-866E-4C8FFAA2B0D8}"
EndProject
Global
	GlobalSection(SolutionConfigurationPlatforms) = preSolution
		Debug|Any CPU = Debug|Any CPU
		Release|Any CPU = Release|Any CPU
	EndGlobalSection
	GlobalSection(ProjectConfigurationPlatforms) = postSolution
		{10A7E5DE-951E-4172-AA9E-4E2A5485D66C}.Debug|Any CPU.ActiveCfg = Debug|Any CPU
		{10A7E5DE-951E-4172-AA9E-4E2A5485D66C}.Debug|Any CPU.Build.0 = Debug|Any CPU
		{10A7E5DE-951E-4172-AA9E-4E2A5485D66C}.Release|Any CPU.ActiveCfg = Release|Any CPU
		{10A7E5DE-951E-4172-AA9E-4E2A5485D66C}.Release|Any CPU.Build.0 = Release|Any CPU
		{870DEDD6-CFEB-4BD9-9CB5-A8F91284271F}.Debug|Any CPU.ActiveCfg = Debug|Any CPU
		{870DEDD6-CFEB-4BD9-9CB5-A8F91284271F}.Debug|Any CPU.Build.0 = Debug|Any CPU
		{870DEDD6-CFEB-4BD9-9CB5-A8F91284271F}.Release|Any CPU.ActiveCfg = Release|Any CPU
		{870DEDD6-CFEB-4BD9-9CB5-A8F91284271F}.Release|Any CPU.Build.0 = Release|Any CPU
		{228E6AA4-3904-4989-AF66-203099A0266C}.Debug|Any CPU.ActiveCfg = Debug|Any CPU
		{228E6AA4-3904-4989-AF66-203099A0266C}.Debug|Any CPU.Build.0 = Debug|Any CPU
		{228E6AA4-3904-4989-AF66-203099A0266C}.Release|Any CPU.ActiveCfg = Release|Any CPU
		{228E6AA4-3904-4989-AF66-203099A0266C}.Release|Any CPU.Build.0 = Release|Any CPU
		{41F349FC-F82E-4BDB-8256-E394C8090537}.Debug|Any CPU.ActiveCfg = Debug|Any CPU
		{41F349FC-F82E-4BDB-8256-E394C8090537}.Debug|Any CPU.Build.0 = Debug|Any CPU
		{41F349FC-F82E-4BDB-8256-E394C8090537}.Release|Any CPU.ActiveCfg = Release|Any CPU
		{41F349FC-F82E-4BDB-8256-E394C8090537}.Release|Any CPU.Build.0 = Release|Any CPU
		{81534C66-836C-476E-92EA-01A9ABE877AA}.Debug|Any CPU.ActiveCfg = Debug|Any CPU
		{81534C66-836C-476E-92EA-01A9ABE877AA}.Debug|Any CPU.Build.0 = Debug|Any CPU
		{81534C66-836C-476E-92EA-01A9ABE877AA}.Release|Any CPU.ActiveCfg = Release|Any CPU
		{81534C66-836C-476E-92EA-01A9ABE877AA}.Release|Any CPU.Build.0 = Release|Any CPU
		{9FC12810-DAF9-4D69-84BE-EB5C562AFD23}.Debug|Any CPU.ActiveCfg = Debug|Any CPU
		{9FC12810-DAF9-4D69-84BE-EB5C562AFD23}.Debug|Any CPU.Build.0 = Debug|Any CPU
		{9FC12810-DAF9-4D69-84BE-EB5C562AFD23}.Release|Any CPU.ActiveCfg = Release|Any CPU
		{9FC12810-DAF9-4D69-84BE-EB5C562AFD23}.Release|Any CPU.Build.0 = Release|Any CPU
		{E93CC735-90C2-4104-8FB8-74B6F46E93B4}.Debug|Any CPU.ActiveCfg = Debug|Any CPU
		{E93CC735-90C2-4104-8FB8-74B6F46E93B4}.Debug|Any CPU.Build.0 = Debug|Any CPU
		{E93CC735-90C2-4104-8FB8-74B6F46E93B4}.Release|Any CPU.ActiveCfg = Release|Any CPU
		{E93CC735-90C2-4104-8FB8-74B6F46E93B4}.Release|Any CPU.Build.0 = Release|Any CPU
		{9FAEBA80-8D3E-45EE-BC04-B6632584F491}.Debug|Any CPU.ActiveCfg = Debug|Any CPU
		{9FAEBA80-8D3E-45EE-BC04-B6632584F491}.Debug|Any CPU.Build.0 = Debug|Any CPU
		{9FAEBA80-8D3E-45EE-BC04-B6632584F491}.Release|Any CPU.ActiveCfg = Release|Any CPU
		{9FAEBA80-8D3E-45EE-BC04-B6632584F491}.Release|Any CPU.Build.0 = Release|Any CPU
		{A382DCC4-883A-47C7-B364-D82A640C05D3}.Debug|Any CPU.ActiveCfg = Debug|Any CPU
		{A382DCC4-883A-47C7-B364-D82A640C05D3}.Debug|Any CPU.Build.0 = Debug|Any CPU
		{A382DCC4-883A-47C7-B364-D82A640C05D3}.Release|Any CPU.ActiveCfg = Release|Any CPU
		{A382DCC4-883A-47C7-B364-D82A640C05D3}.Release|Any CPU.Build.0 = Release|Any CPU
		{0ACD0E76-992B-4406-9BAE-4BDCF1100C80}.Debug|Any CPU.ActiveCfg = Debug|Any CPU
		{0ACD0E76-992B-4406-9BAE-4BDCF1100C80}.Debug|Any CPU.Build.0 = Debug|Any CPU
		{0ACD0E76-992B-4406-9BAE-4BDCF1100C80}.Release|Any CPU.ActiveCfg = Release|Any CPU
		{0ACD0E76-992B-4406-9BAE-4BDCF1100C80}.Release|Any CPU.Build.0 = Release|Any CPU
		{451EA65A-1138-46F2-9FE6-26746F911DC0}.Debug|Any CPU.ActiveCfg = Debug|Any CPU
		{451EA65A-1138-46F2-9FE6-26746F911DC0}.Debug|Any CPU.Build.0 = Debug|Any CPU
		{451EA65A-1138-46F2-9FE6-26746F911DC0}.Release|Any CPU.ActiveCfg = Release|Any CPU
		{451EA65A-1138-46F2-9FE6-26746F911DC0}.Release|Any CPU.Build.0 = Release|Any CPU
		{171A1CD7-5F52-47F0-8325-FF83F6C25CC2}.Debug|Any CPU.ActiveCfg = Debug|Any CPU
		{171A1CD7-5F52-47F0-8325-FF83F6C25CC2}.Debug|Any CPU.Build.0 = Debug|Any CPU
		{171A1CD7-5F52-47F0-8325-FF83F6C25CC2}.Release|Any CPU.ActiveCfg = Release|Any CPU
		{171A1CD7-5F52-47F0-8325-FF83F6C25CC2}.Release|Any CPU.Build.0 = Release|Any CPU
		{A142720F-BCE8-4341-ACA5-66F7F29037DE}.Debug|Any CPU.ActiveCfg = Debug|Any CPU
		{A142720F-BCE8-4341-ACA5-66F7F29037DE}.Debug|Any CPU.Build.0 = Debug|Any CPU
		{A142720F-BCE8-4341-ACA5-66F7F29037DE}.Release|Any CPU.ActiveCfg = Release|Any CPU
		{A142720F-BCE8-4341-ACA5-66F7F29037DE}.Release|Any CPU.Build.0 = Release|Any CPU
		{78EAFEB8-33A7-4F1A-8B71-E530DE90C020}.Debug|Any CPU.ActiveCfg = Debug|Any CPU
		{78EAFEB8-33A7-4F1A-8B71-E530DE90C020}.Debug|Any CPU.Build.0 = Debug|Any CPU
		{78EAFEB8-33A7-4F1A-8B71-E530DE90C020}.Release|Any CPU.ActiveCfg = Release|Any CPU
		{78EAFEB8-33A7-4F1A-8B71-E530DE90C020}.Release|Any CPU.Build.0 = Release|Any CPU
		{2AA5037A-3606-4885-AC86-8120E92C778B}.Debug|Any CPU.ActiveCfg = Debug|Any CPU
		{2AA5037A-3606-4885-AC86-8120E92C778B}.Debug|Any CPU.Build.0 = Debug|Any CPU
		{2AA5037A-3606-4885-AC86-8120E92C778B}.Release|Any CPU.ActiveCfg = Release|Any CPU
		{2AA5037A-3606-4885-AC86-8120E92C778B}.Release|Any CPU.Build.0 = Release|Any CPU
		{FECE8476-57A0-48D1-866E-4C8FFAA2B0D8}.Debug|Any CPU.ActiveCfg = Debug|Any CPU
		{FECE8476-57A0-48D1-866E-4C8FFAA2B0D8}.Debug|Any CPU.Build.0 = Debug|Any CPU
		{FECE8476-57A0-48D1-866E-4C8FFAA2B0D8}.Release|Any CPU.ActiveCfg = Release|Any CPU
		{FECE8476-57A0-48D1-866E-4C8FFAA2B0D8}.Release|Any CPU.Build.0 = Release|Any CPU
	EndGlobalSection
	GlobalSection(SolutionProperties) = preSolution
		HideSolutionNode = FALSE
	EndGlobalSection
	GlobalSection(NestedProjects) = preSolution
		{10A7E5DE-951E-4172-AA9E-4E2A5485D66C} = {E39C76CD-CCB3-4836-A93E-5EA220C477E4}
		{870DEDD6-CFEB-4BD9-9CB5-A8F91284271F} = {A149BE98-6889-4DAC-89FA-FE4E38200028}
		{228E6AA4-3904-4989-AF66-203099A0266C} = {AFEBC97E-3545-4483-A1C6-AD4DC87C5CBA}
		{41F349FC-F82E-4BDB-8256-E394C8090537} = {E39C76CD-CCB3-4836-A93E-5EA220C477E4}
		{81534C66-836C-476E-92EA-01A9ABE877AA} = {A149BE98-6889-4DAC-89FA-FE4E38200028}
		{9FC12810-DAF9-4D69-84BE-EB5C562AFD23} = {AFEBC97E-3545-4483-A1C6-AD4DC87C5CBA}
		{E93CC735-90C2-4104-8FB8-74B6F46E93B4} = {A149BE98-6889-4DAC-89FA-FE4E38200028}
		{9FAEBA80-8D3E-45EE-BC04-B6632584F491} = {AFEBC97E-3545-4483-A1C6-AD4DC87C5CBA}
		{A382DCC4-883A-47C7-B364-D82A640C05D3} = {E39C76CD-CCB3-4836-A93E-5EA220C477E4}
		{0ACD0E76-992B-4406-9BAE-4BDCF1100C80} = {A149BE98-6889-4DAC-89FA-FE4E38200028}
		{451EA65A-1138-46F2-9FE6-26746F911DC0} = {A149BE98-6889-4DAC-89FA-FE4E38200028}
		{171A1CD7-5F52-47F0-8325-FF83F6C25CC2} = {AFEBC97E-3545-4483-A1C6-AD4DC87C5CBA}
		{A142720F-BCE8-4341-ACA5-66F7F29037DE} = {A149BE98-6889-4DAC-89FA-FE4E38200028}
		{78EAFEB8-33A7-4F1A-8B71-E530DE90C020} = {AFEBC97E-3545-4483-A1C6-AD4DC87C5CBA}
		{2AA5037A-3606-4885-AC86-8120E92C778B} = {A149BE98-6889-4DAC-89FA-FE4E38200028}
		{FECE8476-57A0-48D1-866E-4C8FFAA2B0D8} = {E39C76CD-CCB3-4836-A93E-5EA220C477E4}
	EndGlobalSection
	GlobalSection(ExtensibilityGlobals) = postSolution
		SolutionGuid = {882AD998-DF8E-43B8-ADA3-71613B266EC3}
	EndGlobalSection
EndGlobal
